// !$*UTF8*$!
{
	archiveVersion = 1;
	classes = {
	};
	objectVersion = 56;
	objects = {

/* Begin PBXBuildFile section */
		352901E82BD9A997007A4088 /* Request.swift in Sources */ = {isa = PBXBuildFile; fileRef = 352901E72BD9A997007A4088 /* Request.swift */; };
		352901EA2BD9AA02007A4088 /* RequestMethod.swift in Sources */ = {isa = PBXBuildFile; fileRef = 352901E92BD9AA02007A4088 /* RequestMethod.swift */; };
		352901EC2BD9ADE9007A4088 /* APIConstants.swift in Sources */ = {isa = PBXBuildFile; fileRef = 352901EB2BD9ADE9007A4088 /* APIConstants.swift */; };
		352901EE2BD9B132007A4088 /* RequestError.swift in Sources */ = {isa = PBXBuildFile; fileRef = 352901ED2BD9B132007A4088 /* RequestError.swift */; };
		352901F02BD9B1EC007A4088 /* ArtObjectsRequest.swift in Sources */ = {isa = PBXBuildFile; fileRef = 352901EF2BD9B1EC007A4088 /* ArtObjectsRequest.swift */; };
		352901F32BD9B36C007A4088 /* Artwork.swift in Sources */ = {isa = PBXBuildFile; fileRef = 352901F22BD9B36C007A4088 /* Artwork.swift */; };
		352901F52BD9B970007A4088 /* APIManager.swift in Sources */ = {isa = PBXBuildFile; fileRef = 352901F42BD9B970007A4088 /* APIManager.swift */; };
		352901F72BD9C36F007A4088 /* PaintingRequest.swift in Sources */ = {isa = PBXBuildFile; fileRef = 352901F62BD9C36F007A4088 /* PaintingRequest.swift */; };
		352901F92BD9C44A007A4088 /* Painting.swift in Sources */ = {isa = PBXBuildFile; fileRef = 352901F82BD9C44A007A4088 /* Painting.swift */; };
		352901FE2BD9CE7E007A4088 /* APIManagerMock.swift in Sources */ = {isa = PBXBuildFile; fileRef = 352901FD2BD9CE7E007A4088 /* APIManagerMock.swift */; };
		352902002BD9D2F0007A4088 /* RequestManager.swift in Sources */ = {isa = PBXBuildFile; fileRef = 352901FF2BD9D2F0007A4088 /* RequestManager.swift */; };
		352902022BD9D4D6007A4088 /* DataParser.swift in Sources */ = {isa = PBXBuildFile; fileRef = 352902012BD9D4D6007A4088 /* DataParser.swift */; };
		352902042BD9D996007A4088 /* ArtObjectsRequestMock.swift in Sources */ = {isa = PBXBuildFile; fileRef = 352902032BD9D996007A4088 /* ArtObjectsRequestMock.swift */; };
		3529020A2BD9DC7D007A4088 /* RequestManagerTests.swift in Sources */ = {isa = PBXBuildFile; fileRef = 352902092BD9DC7D007A4088 /* RequestManagerTests.swift */; };
		3529020E2BDA4780007A4088 /* ArtObjectsMock.json in Resources */ = {isa = PBXBuildFile; fileRef = 3529020D2BDA4780007A4088 /* ArtObjectsMock.json */; };
		352902172BDA4EB8007A4088 /* ArtObjectsViewController.swift in Sources */ = {isa = PBXBuildFile; fileRef = 352902162BDA4EB8007A4088 /* ArtObjectsViewController.swift */; };
		352902192BDA4EC7007A4088 /* ArtObjectsView.swift in Sources */ = {isa = PBXBuildFile; fileRef = 352902182BDA4EC7007A4088 /* ArtObjectsView.swift */; };
		3529021B2BDA79E8007A4088 /* ArtObjectCell.swift in Sources */ = {isa = PBXBuildFile; fileRef = 3529021A2BDA79E8007A4088 /* ArtObjectCell.swift */; };
		352902212BDA9C8C007A4088 /* ArtObjectsSectionHeaderView.swift in Sources */ = {isa = PBXBuildFile; fileRef = 352902202BDA9C8C007A4088 /* ArtObjectsSectionHeaderView.swift */; };
		352902232BDA9FAE007A4088 /* ArtObjectsViewModel.swift in Sources */ = {isa = PBXBuildFile; fileRef = 352902222BDA9FAE007A4088 /* ArtObjectsViewModel.swift */; };
		352902252BDB9787007A4088 /* ArtObjectsFooterView.swift in Sources */ = {isa = PBXBuildFile; fileRef = 352902242BDB9787007A4088 /* ArtObjectsFooterView.swift */; };
		352902282BDBC90C007A4088 /* Kingfisher in Frameworks */ = {isa = PBXBuildFile; productRef = 352902272BDBC90C007A4088 /* Kingfisher */; };
		3529022C2BDBD8B5007A4088 /* ArtObjectsSection.swift in Sources */ = {isa = PBXBuildFile; fileRef = 3529022B2BDBD8B5007A4088 /* ArtObjectsSection.swift */; };
		3529022F2BDBE947007A4088 /* PaintingViewController.swift in Sources */ = {isa = PBXBuildFile; fileRef = 3529022E2BDBE947007A4088 /* PaintingViewController.swift */; };
		3544459E2BDF9B6300FC216D /* UIColor+Extensions.swift in Sources */ = {isa = PBXBuildFile; fileRef = 3544459D2BDF9B6300FC216D /* UIColor+Extensions.swift */; };
		35A7548E2BDC42F80061734F /* PaintingView.swift in Sources */ = {isa = PBXBuildFile; fileRef = 35A7548D2BDC42F80061734F /* PaintingView.swift */; };
		35A754902BDC4C320061734F /* PaintingViewModel.swift in Sources */ = {isa = PBXBuildFile; fileRef = 35A7548F2BDC4C320061734F /* PaintingViewModel.swift */; };
		35CA1CA32BDFC6B5004D47DF /* MakerView.swift in Sources */ = {isa = PBXBuildFile; fileRef = 35CA1CA22BDFC6B5004D47DF /* MakerView.swift */; };
		35EEBD572BD979B200537B18 /* AppDelegate.swift in Sources */ = {isa = PBXBuildFile; fileRef = 35EEBD562BD979B200537B18 /* AppDelegate.swift */; };
		35EEBD592BD979B200537B18 /* SceneDelegate.swift in Sources */ = {isa = PBXBuildFile; fileRef = 35EEBD582BD979B200537B18 /* SceneDelegate.swift */; };
		35EEBD602BD979B300537B18 /* Assets.xcassets in Resources */ = {isa = PBXBuildFile; fileRef = 35EEBD5F2BD979B300537B18 /* Assets.xcassets */; };
		35EEBD632BD979B300537B18 /* Base in Resources */ = {isa = PBXBuildFile; fileRef = 35EEBD622BD979B300537B18 /* Base */; };
		35EEBD6E2BD979B400537B18 /* ArtObjectsTests.swift in Sources */ = {isa = PBXBuildFile; fileRef = 35EEBD6D2BD979B400537B18 /* ArtObjectsTests.swift */; };
		35EEBD782BD979B400537B18 /* ArtObjectsUITests.swift in Sources */ = {isa = PBXBuildFile; fileRef = 35EEBD772BD979B400537B18 /* ArtObjectsUITests.swift */; };
		35EEBD7A2BD979B400537B18 /* ArtObjectsUITestsLaunchTests.swift in Sources */ = {isa = PBXBuildFile; fileRef = 35EEBD792BD979B400537B18 /* ArtObjectsUITestsLaunchTests.swift */; };
/* End PBXBuildFile section */

/* Begin PBXContainerItemProxy section */
		35EEBD6A2BD979B400537B18 /* PBXContainerItemProxy */ = {
			isa = PBXContainerItemProxy;
			containerPortal = 35EEBD4B2BD979B200537B18 /* Project object */;
			proxyType = 1;
			remoteGlobalIDString = 35EEBD522BD979B200537B18;
			remoteInfo = ArtObjects;
		};
		35EEBD742BD979B400537B18 /* PBXContainerItemProxy */ = {
			isa = PBXContainerItemProxy;
			containerPortal = 35EEBD4B2BD979B200537B18 /* Project object */;
			proxyType = 1;
			remoteGlobalIDString = 35EEBD522BD979B200537B18;
			remoteInfo = ArtObjects;
		};
/* End PBXContainerItemProxy section */

/* Begin PBXFileReference section */
		352901E72BD9A997007A4088 /* Request.swift */ = {isa = PBXFileReference; lastKnownFileType = sourcecode.swift; path = Request.swift; sourceTree = "<group>"; };
		352901E92BD9AA02007A4088 /* RequestMethod.swift */ = {isa = PBXFileReference; lastKnownFileType = sourcecode.swift; path = RequestMethod.swift; sourceTree = "<group>"; };
		352901EB2BD9ADE9007A4088 /* APIConstants.swift */ = {isa = PBXFileReference; lastKnownFileType = sourcecode.swift; path = APIConstants.swift; sourceTree = "<group>"; };
		352901ED2BD9B132007A4088 /* RequestError.swift */ = {isa = PBXFileReference; lastKnownFileType = sourcecode.swift; path = RequestError.swift; sourceTree = "<group>"; };
		352901EF2BD9B1EC007A4088 /* ArtObjectsRequest.swift */ = {isa = PBXFileReference; lastKnownFileType = sourcecode.swift; path = ArtObjectsRequest.swift; sourceTree = "<group>"; };
		352901F22BD9B36C007A4088 /* Artwork.swift */ = {isa = PBXFileReference; lastKnownFileType = sourcecode.swift; path = Artwork.swift; sourceTree = "<group>"; };
		352901F42BD9B970007A4088 /* APIManager.swift */ = {isa = PBXFileReference; lastKnownFileType = sourcecode.swift; path = APIManager.swift; sourceTree = "<group>"; };
		352901F62BD9C36F007A4088 /* PaintingRequest.swift */ = {isa = PBXFileReference; lastKnownFileType = sourcecode.swift; path = PaintingRequest.swift; sourceTree = "<group>"; };
		352901F82BD9C44A007A4088 /* Painting.swift */ = {isa = PBXFileReference; lastKnownFileType = sourcecode.swift; path = Painting.swift; sourceTree = "<group>"; };
		352901FD2BD9CE7E007A4088 /* APIManagerMock.swift */ = {isa = PBXFileReference; lastKnownFileType = sourcecode.swift; path = APIManagerMock.swift; sourceTree = "<group>"; };
		352901FF2BD9D2F0007A4088 /* RequestManager.swift */ = {isa = PBXFileReference; lastKnownFileType = sourcecode.swift; path = RequestManager.swift; sourceTree = "<group>"; };
		352902012BD9D4D6007A4088 /* DataParser.swift */ = {isa = PBXFileReference; lastKnownFileType = sourcecode.swift; path = DataParser.swift; sourceTree = "<group>"; };
		352902032BD9D996007A4088 /* ArtObjectsRequestMock.swift */ = {isa = PBXFileReference; lastKnownFileType = sourcecode.swift; path = ArtObjectsRequestMock.swift; sourceTree = "<group>"; };
		352902092BD9DC7D007A4088 /* RequestManagerTests.swift */ = {isa = PBXFileReference; lastKnownFileType = sourcecode.swift; path = RequestManagerTests.swift; sourceTree = "<group>"; };
		3529020D2BDA4780007A4088 /* ArtObjectsMock.json */ = {isa = PBXFileReference; fileEncoding = 4; lastKnownFileType = text.json; path = ArtObjectsMock.json; sourceTree = "<group>"; };
		352902162BDA4EB8007A4088 /* ArtObjectsViewController.swift */ = {isa = PBXFileReference; lastKnownFileType = sourcecode.swift; path = ArtObjectsViewController.swift; sourceTree = "<group>"; };
		352902182BDA4EC7007A4088 /* ArtObjectsView.swift */ = {isa = PBXFileReference; lastKnownFileType = sourcecode.swift; path = ArtObjectsView.swift; sourceTree = "<group>"; };
		3529021A2BDA79E8007A4088 /* ArtObjectCell.swift */ = {isa = PBXFileReference; lastKnownFileType = sourcecode.swift; path = ArtObjectCell.swift; sourceTree = "<group>"; };
		352902202BDA9C8C007A4088 /* ArtObjectsSectionHeaderView.swift */ = {isa = PBXFileReference; lastKnownFileType = sourcecode.swift; path = ArtObjectsSectionHeaderView.swift; sourceTree = "<group>"; };
		352902222BDA9FAE007A4088 /* ArtObjectsViewModel.swift */ = {isa = PBXFileReference; lastKnownFileType = sourcecode.swift; path = ArtObjectsViewModel.swift; sourceTree = "<group>"; };
		352902242BDB9787007A4088 /* ArtObjectsFooterView.swift */ = {isa = PBXFileReference; lastKnownFileType = sourcecode.swift; path = ArtObjectsFooterView.swift; sourceTree = "<group>"; };
		3529022B2BDBD8B5007A4088 /* ArtObjectsSection.swift */ = {isa = PBXFileReference; lastKnownFileType = sourcecode.swift; path = ArtObjectsSection.swift; sourceTree = "<group>"; };
		3529022E2BDBE947007A4088 /* PaintingViewController.swift */ = {isa = PBXFileReference; lastKnownFileType = sourcecode.swift; path = PaintingViewController.swift; sourceTree = "<group>"; };
		3544459D2BDF9B6300FC216D /* UIColor+Extensions.swift */ = {isa = PBXFileReference; lastKnownFileType = sourcecode.swift; path = "UIColor+Extensions.swift"; sourceTree = "<group>"; };
		35A7548D2BDC42F80061734F /* PaintingView.swift */ = {isa = PBXFileReference; lastKnownFileType = sourcecode.swift; path = PaintingView.swift; sourceTree = "<group>"; };
		35A7548F2BDC4C320061734F /* PaintingViewModel.swift */ = {isa = PBXFileReference; lastKnownFileType = sourcecode.swift; path = PaintingViewModel.swift; sourceTree = "<group>"; };
		35CA1CA22BDFC6B5004D47DF /* MakerView.swift */ = {isa = PBXFileReference; lastKnownFileType = sourcecode.swift; path = MakerView.swift; sourceTree = "<group>"; };
		35EEBD532BD979B200537B18 /* ArtObjects.app */ = {isa = PBXFileReference; explicitFileType = wrapper.application; includeInIndex = 0; path = ArtObjects.app; sourceTree = BUILT_PRODUCTS_DIR; };
		35EEBD562BD979B200537B18 /* AppDelegate.swift */ = {isa = PBXFileReference; lastKnownFileType = sourcecode.swift; path = AppDelegate.swift; sourceTree = "<group>"; };
		35EEBD582BD979B200537B18 /* SceneDelegate.swift */ = {isa = PBXFileReference; lastKnownFileType = sourcecode.swift; path = SceneDelegate.swift; sourceTree = "<group>"; };
		35EEBD5F2BD979B300537B18 /* Assets.xcassets */ = {isa = PBXFileReference; lastKnownFileType = folder.assetcatalog; path = Assets.xcassets; sourceTree = "<group>"; };
		35EEBD622BD979B300537B18 /* Base */ = {isa = PBXFileReference; lastKnownFileType = file.storyboard; name = Base; path = Base.lproj/LaunchScreen.storyboard; sourceTree = "<group>"; };
		35EEBD642BD979B300537B18 /* Info.plist */ = {isa = PBXFileReference; lastKnownFileType = text.plist.xml; path = Info.plist; sourceTree = "<group>"; };
		35EEBD692BD979B400537B18 /* ArtObjectsTests.xctest */ = {isa = PBXFileReference; explicitFileType = wrapper.cfbundle; includeInIndex = 0; path = ArtObjectsTests.xctest; sourceTree = BUILT_PRODUCTS_DIR; };
		35EEBD6D2BD979B400537B18 /* ArtObjectsTests.swift */ = {isa = PBXFileReference; lastKnownFileType = sourcecode.swift; path = ArtObjectsTests.swift; sourceTree = "<group>"; };
		35EEBD732BD979B400537B18 /* ArtObjectsUITests.xctest */ = {isa = PBXFileReference; explicitFileType = wrapper.cfbundle; includeInIndex = 0; path = ArtObjectsUITests.xctest; sourceTree = BUILT_PRODUCTS_DIR; };
		35EEBD772BD979B400537B18 /* ArtObjectsUITests.swift */ = {isa = PBXFileReference; lastKnownFileType = sourcecode.swift; path = ArtObjectsUITests.swift; sourceTree = "<group>"; };
		35EEBD792BD979B400537B18 /* ArtObjectsUITestsLaunchTests.swift */ = {isa = PBXFileReference; lastKnownFileType = sourcecode.swift; path = ArtObjectsUITestsLaunchTests.swift; sourceTree = "<group>"; };
/* End PBXFileReference section */

/* Begin PBXFrameworksBuildPhase section */
		35EEBD502BD979B200537B18 /* Frameworks */ = {
			isa = PBXFrameworksBuildPhase;
			buildActionMask = 2147483647;
			files = (
				352902282BDBC90C007A4088 /* Kingfisher in Frameworks */,
			);
			runOnlyForDeploymentPostprocessing = 0;
		};
		35EEBD662BD979B400537B18 /* Frameworks */ = {
			isa = PBXFrameworksBuildPhase;
			buildActionMask = 2147483647;
			files = (
			);
			runOnlyForDeploymentPostprocessing = 0;
		};
		35EEBD702BD979B400537B18 /* Frameworks */ = {
			isa = PBXFrameworksBuildPhase;
			buildActionMask = 2147483647;
			files = (
			);
			runOnlyForDeploymentPostprocessing = 0;
		};
/* End PBXFrameworksBuildPhase section */

/* Begin PBXGroup section */
		352901E62BD9A932007A4088 /* API */ = {
			isa = PBXGroup;
			children = (
				3529020F2BDA4917007A4088 /* Parser */,
				352902102BDA493E007A4088 /* Network */,
				352902112BDA4984007A4088 /* Requests */,
				352901EB2BD9ADE9007A4088 /* APIConstants.swift */,
			);
			path = API;
			sourceTree = "<group>";
		};
		352901F12BD9B361007A4088 /* Model */ = {
			isa = PBXGroup;
			children = (
				352901F22BD9B36C007A4088 /* Artwork.swift */,
				352901F82BD9C44A007A4088 /* Painting.swift */,
			);
			path = Model;
			sourceTree = "<group>";
		};
		352901FA2BD9CD4F007A4088 /* Tests */ = {
			isa = PBXGroup;
			children = (
				352901FB2BD9CE47007A4088 /* API */,
				35EEBD6D2BD979B400537B18 /* ArtObjectsTests.swift */,
			);
			path = Tests;
			sourceTree = "<group>";
		};
		352901FB2BD9CE47007A4088 /* API */ = {
			isa = PBXGroup;
			children = (
				352901FC2BD9CE4F007A4088 /* mock */,
				352902092BD9DC7D007A4088 /* RequestManagerTests.swift */,
			);
			path = API;
			sourceTree = "<group>";
		};
		352901FC2BD9CE4F007A4088 /* mock */ = {
			isa = PBXGroup;
			children = (
				352902032BD9D996007A4088 /* ArtObjectsRequestMock.swift */,
				352901FD2BD9CE7E007A4088 /* APIManagerMock.swift */,
			);
			path = mock;
			sourceTree = "<group>";
		};
		3529020F2BDA4917007A4088 /* Parser */ = {
			isa = PBXGroup;
			children = (
				352902012BD9D4D6007A4088 /* DataParser.swift */,
			);
			path = Parser;
			sourceTree = "<group>";
		};
		352902102BDA493E007A4088 /* Network */ = {
			isa = PBXGroup;
			children = (
				352901ED2BD9B132007A4088 /* RequestError.swift */,
				352901F42BD9B970007A4088 /* APIManager.swift */,
				352901FF2BD9D2F0007A4088 /* RequestManager.swift */,
			);
			path = Network;
			sourceTree = "<group>";
		};
		352902112BDA4984007A4088 /* Requests */ = {
			isa = PBXGroup;
			children = (
				352902122BDA499C007A4088 /* ArtObjects */,
				352902132BDA49A7007A4088 /* Painting */,
				352901E72BD9A997007A4088 /* Request.swift */,
				352901E92BD9AA02007A4088 /* RequestMethod.swift */,
			);
			path = Requests;
			sourceTree = "<group>";
		};
		352902122BDA499C007A4088 /* ArtObjects */ = {
			isa = PBXGroup;
			children = (
				352901EF2BD9B1EC007A4088 /* ArtObjectsRequest.swift */,
			);
			path = ArtObjects;
			sourceTree = "<group>";
		};
		352902132BDA49A7007A4088 /* Painting */ = {
			isa = PBXGroup;
			children = (
				352901F62BD9C36F007A4088 /* PaintingRequest.swift */,
			);
			path = Painting;
			sourceTree = "<group>";
		};
		352902152BDA4E94007A4088 /* ArtObjects */ = {
			isa = PBXGroup;
			children = (
				3529022A2BDBD78A007A4088 /* Cells */,
				352902292BDBD73C007A4088 /* SupplementaryViews */,
				352902162BDA4EB8007A4088 /* ArtObjectsViewController.swift */,
				352902182BDA4EC7007A4088 /* ArtObjectsView.swift */,
				352902222BDA9FAE007A4088 /* ArtObjectsViewModel.swift */,
				3529022B2BDBD8B5007A4088 /* ArtObjectsSection.swift */,
			);
			path = ArtObjects;
			sourceTree = "<group>";
		};
		3529021D2BDA7FBA007A4088 /* Frameworks */ = {
			isa = PBXGroup;
			children = (
			);
			name = Frameworks;
			sourceTree = "<group>";
		};
		352902292BDBD73C007A4088 /* SupplementaryViews */ = {
			isa = PBXGroup;
			children = (
				352902202BDA9C8C007A4088 /* ArtObjectsSectionHeaderView.swift */,
				352902242BDB9787007A4088 /* ArtObjectsFooterView.swift */,
			);
			path = SupplementaryViews;
			sourceTree = "<group>";
		};
		3529022A2BDBD78A007A4088 /* Cells */ = {
			isa = PBXGroup;
			children = (
				3529021A2BDA79E8007A4088 /* ArtObjectCell.swift */,
			);
			path = Cells;
			sourceTree = "<group>";
		};
		3529022D2BDBE92B007A4088 /* Painting */ = {
			isa = PBXGroup;
			children = (
				35CA1CA12BDFC69E004D47DF /* Views */,
				3529022E2BDBE947007A4088 /* PaintingViewController.swift */,
				35A7548F2BDC4C320061734F /* PaintingViewModel.swift */,
			);
			path = Painting;
			sourceTree = "<group>";
		};
		3544459C2BDF9B5000FC216D /* Extensions */ = {
			isa = PBXGroup;
			children = (
				3544459D2BDF9B6300FC216D /* UIColor+Extensions.swift */,
			);
			path = Extensions;
			sourceTree = "<group>";
		};
		35CA1CA12BDFC69E004D47DF /* Views */ = {
			isa = PBXGroup;
			children = (
				35A7548D2BDC42F80061734F /* PaintingView.swift */,
				35CA1CA22BDFC6B5004D47DF /* MakerView.swift */,
			);
			path = Views;
			sourceTree = "<group>";
		};
		35EEBD4A2BD979B200537B18 = {
			isa = PBXGroup;
			children = (
				35EEBD552BD979B200537B18 /* ArtObjects */,
				35EEBD6C2BD979B400537B18 /* ArtObjectsTests */,
				35EEBD762BD979B400537B18 /* ArtObjectsUITests */,
				35EEBD542BD979B200537B18 /* Products */,
				3529021D2BDA7FBA007A4088 /* Frameworks */,
			);
			sourceTree = "<group>";
		};
		35EEBD542BD979B200537B18 /* Products */ = {
			isa = PBXGroup;
			children = (
				35EEBD532BD979B200537B18 /* ArtObjects.app */,
				35EEBD692BD979B400537B18 /* ArtObjectsTests.xctest */,
				35EEBD732BD979B400537B18 /* ArtObjectsUITests.xctest */,
			);
			name = Products;
			sourceTree = "<group>";
		};
		35EEBD552BD979B200537B18 /* ArtObjects */ = {
			isa = PBXGroup;
			children = (
				3544459C2BDF9B5000FC216D /* Extensions */,
				352901F12BD9B361007A4088 /* Model */,
				352901E62BD9A932007A4088 /* API */,
				352902152BDA4E94007A4088 /* ArtObjects */,
				3529022D2BDBE92B007A4088 /* Painting */,
				35EEBD562BD979B200537B18 /* AppDelegate.swift */,
				35EEBD582BD979B200537B18 /* SceneDelegate.swift */,
				35EEBD5F2BD979B300537B18 /* Assets.xcassets */,
				35EEBD612BD979B300537B18 /* LaunchScreen.storyboard */,
				35EEBD642BD979B300537B18 /* Info.plist */,
				3529020D2BDA4780007A4088 /* ArtObjectsMock.json */,
			);
			path = ArtObjects;
			sourceTree = "<group>";
		};
		35EEBD6C2BD979B400537B18 /* ArtObjectsTests */ = {
			isa = PBXGroup;
			children = (
				352901FA2BD9CD4F007A4088 /* Tests */,
			);
			path = ArtObjectsTests;
			sourceTree = "<group>";
		};
		35EEBD762BD979B400537B18 /* ArtObjectsUITests */ = {
			isa = PBXGroup;
			children = (
				35EEBD772BD979B400537B18 /* ArtObjectsUITests.swift */,
				35EEBD792BD979B400537B18 /* ArtObjectsUITestsLaunchTests.swift */,
			);
			path = ArtObjectsUITests;
			sourceTree = "<group>";
		};
/* End PBXGroup section */

/* Begin PBXNativeTarget section */
		35EEBD522BD979B200537B18 /* ArtObjects */ = {
			isa = PBXNativeTarget;
			buildConfigurationList = 35EEBD7D2BD979B400537B18 /* Build configuration list for PBXNativeTarget "ArtObjects" */;
			buildPhases = (
				35EEBD4F2BD979B200537B18 /* Sources */,
				35EEBD502BD979B200537B18 /* Frameworks */,
				35EEBD512BD979B200537B18 /* Resources */,
			);
			buildRules = (
			);
			dependencies = (
			);
			name = ArtObjects;
			packageProductDependencies = (
				352902272BDBC90C007A4088 /* Kingfisher */,
			);
			productName = ArtObjects;
			productReference = 35EEBD532BD979B200537B18 /* ArtObjects.app */;
			productType = "com.apple.product-type.application";
		};
		35EEBD682BD979B400537B18 /* ArtObjectsTests */ = {
			isa = PBXNativeTarget;
			buildConfigurationList = 35EEBD802BD979B400537B18 /* Build configuration list for PBXNativeTarget "ArtObjectsTests" */;
			buildPhases = (
				35EEBD652BD979B400537B18 /* Sources */,
				35EEBD662BD979B400537B18 /* Frameworks */,
				35EEBD672BD979B400537B18 /* Resources */,
			);
			buildRules = (
			);
			dependencies = (
				35EEBD6B2BD979B400537B18 /* PBXTargetDependency */,
			);
			name = ArtObjectsTests;
			productName = ArtObjectsTests;
			productReference = 35EEBD692BD979B400537B18 /* ArtObjectsTests.xctest */;
			productType = "com.apple.product-type.bundle.unit-test";
		};
		35EEBD722BD979B400537B18 /* ArtObjectsUITests */ = {
			isa = PBXNativeTarget;
			buildConfigurationList = 35EEBD832BD979B400537B18 /* Build configuration list for PBXNativeTarget "ArtObjectsUITests" */;
			buildPhases = (
				35EEBD6F2BD979B400537B18 /* Sources */,
				35EEBD702BD979B400537B18 /* Frameworks */,
				35EEBD712BD979B400537B18 /* Resources */,
			);
			buildRules = (
			);
			dependencies = (
				35EEBD752BD979B400537B18 /* PBXTargetDependency */,
			);
			name = ArtObjectsUITests;
			productName = ArtObjectsUITests;
			productReference = 35EEBD732BD979B400537B18 /* ArtObjectsUITests.xctest */;
			productType = "com.apple.product-type.bundle.ui-testing";
		};
/* End PBXNativeTarget section */

/* Begin PBXProject section */
		35EEBD4B2BD979B200537B18 /* Project object */ = {
			isa = PBXProject;
			attributes = {
				BuildIndependentTargetsInParallel = 1;
				LastSwiftUpdateCheck = 1530;
				LastUpgradeCheck = 1530;
				TargetAttributes = {
					35EEBD522BD979B200537B18 = {
						CreatedOnToolsVersion = 15.3;
					};
					35EEBD682BD979B400537B18 = {
						CreatedOnToolsVersion = 15.3;
						TestTargetID = 35EEBD522BD979B200537B18;
					};
					35EEBD722BD979B400537B18 = {
						CreatedOnToolsVersion = 15.3;
						TestTargetID = 35EEBD522BD979B200537B18;
					};
				};
			};
			buildConfigurationList = 35EEBD4E2BD979B200537B18 /* Build configuration list for PBXProject "ArtObjects" */;
			compatibilityVersion = "Xcode 14.0";
			developmentRegion = en;
			hasScannedForEncodings = 0;
			knownRegions = (
				en,
				Base,
			);
			mainGroup = 35EEBD4A2BD979B200537B18;
			packageReferences = (
				352902262BDBC8F9007A4088 /* XCRemoteSwiftPackageReference "Kingfisher" */,
			);
			productRefGroup = 35EEBD542BD979B200537B18 /* Products */;
			projectDirPath = "";
			projectRoot = "";
			targets = (
				35EEBD522BD979B200537B18 /* ArtObjects */,
				35EEBD682BD979B400537B18 /* ArtObjectsTests */,
				35EEBD722BD979B400537B18 /* ArtObjectsUITests */,
			);
		};
/* End PBXProject section */

/* Begin PBXResourcesBuildPhase section */
		35EEBD512BD979B200537B18 /* Resources */ = {
			isa = PBXResourcesBuildPhase;
			buildActionMask = 2147483647;
			files = (
				35EEBD602BD979B300537B18 /* Assets.xcassets in Resources */,
				35EEBD632BD979B300537B18 /* Base in Resources */,
				3529020E2BDA4780007A4088 /* ArtObjectsMock.json in Resources */,
			);
			runOnlyForDeploymentPostprocessing = 0;
		};
		35EEBD672BD979B400537B18 /* Resources */ = {
			isa = PBXResourcesBuildPhase;
			buildActionMask = 2147483647;
			files = (
			);
			runOnlyForDeploymentPostprocessing = 0;
		};
		35EEBD712BD979B400537B18 /* Resources */ = {
			isa = PBXResourcesBuildPhase;
			buildActionMask = 2147483647;
			files = (
			);
			runOnlyForDeploymentPostprocessing = 0;
		};
/* End PBXResourcesBuildPhase section */

/* Begin PBXSourcesBuildPhase section */
		35EEBD4F2BD979B200537B18 /* Sources */ = {
			isa = PBXSourcesBuildPhase;
			buildActionMask = 2147483647;
			files = (
				352901EE2BD9B132007A4088 /* RequestError.swift in Sources */,
				352902232BDA9FAE007A4088 /* ArtObjectsViewModel.swift in Sources */,
				35A7548E2BDC42F80061734F /* PaintingView.swift in Sources */,
				3529022C2BDBD8B5007A4088 /* ArtObjectsSection.swift in Sources */,
				352902002BD9D2F0007A4088 /* RequestManager.swift in Sources */,
				35CA1CA32BDFC6B5004D47DF /* MakerView.swift in Sources */,
				352901F52BD9B970007A4088 /* APIManager.swift in Sources */,
				352901F92BD9C44A007A4088 /* Painting.swift in Sources */,
				35EEBD572BD979B200537B18 /* AppDelegate.swift in Sources */,
				352901EC2BD9ADE9007A4088 /* APIConstants.swift in Sources */,
				3529021B2BDA79E8007A4088 /* ArtObjectCell.swift in Sources */,
				352901F02BD9B1EC007A4088 /* ArtObjectsRequest.swift in Sources */,
				352901E82BD9A997007A4088 /* Request.swift in Sources */,
				352901EA2BD9AA02007A4088 /* RequestMethod.swift in Sources */,
				352901F32BD9B36C007A4088 /* Artwork.swift in Sources */,
				352902192BDA4EC7007A4088 /* ArtObjectsView.swift in Sources */,
				35EEBD592BD979B200537B18 /* SceneDelegate.swift in Sources */,
				3529022F2BDBE947007A4088 /* PaintingViewController.swift in Sources */,
				352902172BDA4EB8007A4088 /* ArtObjectsViewController.swift in Sources */,
				352902252BDB9787007A4088 /* ArtObjectsFooterView.swift in Sources */,
				3544459E2BDF9B6300FC216D /* UIColor+Extensions.swift in Sources */,
				352902022BD9D4D6007A4088 /* DataParser.swift in Sources */,
				35A754902BDC4C320061734F /* PaintingViewModel.swift in Sources */,
				352901F72BD9C36F007A4088 /* PaintingRequest.swift in Sources */,
				352902212BDA9C8C007A4088 /* ArtObjectsSectionHeaderView.swift in Sources */,
			);
			runOnlyForDeploymentPostprocessing = 0;
		};
		35EEBD652BD979B400537B18 /* Sources */ = {
			isa = PBXSourcesBuildPhase;
			buildActionMask = 2147483647;
			files = (
				352901FE2BD9CE7E007A4088 /* APIManagerMock.swift in Sources */,
				35EEBD6E2BD979B400537B18 /* ArtObjectsTests.swift in Sources */,
				352902042BD9D996007A4088 /* ArtObjectsRequestMock.swift in Sources */,
				3529020A2BD9DC7D007A4088 /* RequestManagerTests.swift in Sources */,
			);
			runOnlyForDeploymentPostprocessing = 0;
		};
		35EEBD6F2BD979B400537B18 /* Sources */ = {
			isa = PBXSourcesBuildPhase;
			buildActionMask = 2147483647;
			files = (
				35EEBD782BD979B400537B18 /* ArtObjectsUITests.swift in Sources */,
				35EEBD7A2BD979B400537B18 /* ArtObjectsUITestsLaunchTests.swift in Sources */,
			);
			runOnlyForDeploymentPostprocessing = 0;
		};
/* End PBXSourcesBuildPhase section */

/* Begin PBXTargetDependency section */
		35EEBD6B2BD979B400537B18 /* PBXTargetDependency */ = {
			isa = PBXTargetDependency;
			target = 35EEBD522BD979B200537B18 /* ArtObjects */;
			targetProxy = 35EEBD6A2BD979B400537B18 /* PBXContainerItemProxy */;
		};
		35EEBD752BD979B400537B18 /* PBXTargetDependency */ = {
			isa = PBXTargetDependency;
			target = 35EEBD522BD979B200537B18 /* ArtObjects */;
			targetProxy = 35EEBD742BD979B400537B18 /* PBXContainerItemProxy */;
		};
/* End PBXTargetDependency section */

/* Begin PBXVariantGroup section */
		35EEBD612BD979B300537B18 /* LaunchScreen.storyboard */ = {
			isa = PBXVariantGroup;
			children = (
				35EEBD622BD979B300537B18 /* Base */,
			);
			name = LaunchScreen.storyboard;
			sourceTree = "<group>";
		};
/* End PBXVariantGroup section */

/* Begin XCBuildConfiguration section */
		35EEBD7B2BD979B400537B18 /* Debug */ = {
			isa = XCBuildConfiguration;
			buildSettings = {
				ALWAYS_SEARCH_USER_PATHS = NO;
				ASSETCATALOG_COMPILER_GENERATE_SWIFT_ASSET_SYMBOL_EXTENSIONS = YES;
				CLANG_ANALYZER_NONNULL = YES;
				CLANG_ANALYZER_NUMBER_OBJECT_CONVERSION = YES_AGGRESSIVE;
				CLANG_CXX_LANGUAGE_STANDARD = "gnu++20";
				CLANG_ENABLE_MODULES = YES;
				CLANG_ENABLE_OBJC_ARC = YES;
				CLANG_ENABLE_OBJC_WEAK = YES;
				CLANG_WARN_BLOCK_CAPTURE_AUTORELEASING = YES;
				CLANG_WARN_BOOL_CONVERSION = YES;
				CLANG_WARN_COMMA = YES;
				CLANG_WARN_CONSTANT_CONVERSION = YES;
				CLANG_WARN_DEPRECATED_OBJC_IMPLEMENTATIONS = YES;
				CLANG_WARN_DIRECT_OBJC_ISA_USAGE = YES_ERROR;
				CLANG_WARN_DOCUMENTATION_COMMENTS = YES;
				CLANG_WARN_EMPTY_BODY = YES;
				CLANG_WARN_ENUM_CONVERSION = YES;
				CLANG_WARN_INFINITE_RECURSION = YES;
				CLANG_WARN_INT_CONVERSION = YES;
				CLANG_WARN_NON_LITERAL_NULL_CONVERSION = YES;
				CLANG_WARN_OBJC_IMPLICIT_RETAIN_SELF = YES;
				CLANG_WARN_OBJC_LITERAL_CONVERSION = YES;
				CLANG_WARN_OBJC_ROOT_CLASS = YES_ERROR;
				CLANG_WARN_QUOTED_INCLUDE_IN_FRAMEWORK_HEADER = YES;
				CLANG_WARN_RANGE_LOOP_ANALYSIS = YES;
				CLANG_WARN_STRICT_PROTOTYPES = YES;
				CLANG_WARN_SUSPICIOUS_MOVE = YES;
				CLANG_WARN_UNGUARDED_AVAILABILITY = YES_AGGRESSIVE;
				CLANG_WARN_UNREACHABLE_CODE = YES;
				CLANG_WARN__DUPLICATE_METHOD_MATCH = YES;
				COPY_PHASE_STRIP = NO;
				DEBUG_INFORMATION_FORMAT = dwarf;
				ENABLE_STRICT_OBJC_MSGSEND = YES;
				ENABLE_TESTABILITY = YES;
				ENABLE_USER_SCRIPT_SANDBOXING = YES;
				GCC_C_LANGUAGE_STANDARD = gnu17;
				GCC_DYNAMIC_NO_PIC = NO;
				GCC_NO_COMMON_BLOCKS = YES;
				GCC_OPTIMIZATION_LEVEL = 0;
				GCC_PREPROCESSOR_DEFINITIONS = (
					"DEBUG=1",
					"$(inherited)",
				);
				GCC_WARN_64_TO_32_BIT_CONVERSION = YES;
				GCC_WARN_ABOUT_RETURN_TYPE = YES_ERROR;
				GCC_WARN_UNDECLARED_SELECTOR = YES;
				GCC_WARN_UNINITIALIZED_AUTOS = YES_AGGRESSIVE;
				GCC_WARN_UNUSED_FUNCTION = YES;
				GCC_WARN_UNUSED_VARIABLE = YES;
				IPHONEOS_DEPLOYMENT_TARGET = 17.4;
				LOCALIZATION_PREFERS_STRING_CATALOGS = YES;
				MTL_ENABLE_DEBUG_INFO = INCLUDE_SOURCE;
				MTL_FAST_MATH = YES;
				ONLY_ACTIVE_ARCH = YES;
				SDKROOT = iphoneos;
				SWIFT_ACTIVE_COMPILATION_CONDITIONS = "DEBUG $(inherited)";
				SWIFT_OPTIMIZATION_LEVEL = "-Onone";
			};
			name = Debug;
		};
		35EEBD7C2BD979B400537B18 /* Release */ = {
			isa = XCBuildConfiguration;
			buildSettings = {
				ALWAYS_SEARCH_USER_PATHS = NO;
				ASSETCATALOG_COMPILER_GENERATE_SWIFT_ASSET_SYMBOL_EXTENSIONS = YES;
				CLANG_ANALYZER_NONNULL = YES;
				CLANG_ANALYZER_NUMBER_OBJECT_CONVERSION = YES_AGGRESSIVE;
				CLANG_CXX_LANGUAGE_STANDARD = "gnu++20";
				CLANG_ENABLE_MODULES = YES;
				CLANG_ENABLE_OBJC_ARC = YES;
				CLANG_ENABLE_OBJC_WEAK = YES;
				CLANG_WARN_BLOCK_CAPTURE_AUTORELEASING = YES;
				CLANG_WARN_BOOL_CONVERSION = YES;
				CLANG_WARN_COMMA = YES;
				CLANG_WARN_CONSTANT_CONVERSION = YES;
				CLANG_WARN_DEPRECATED_OBJC_IMPLEMENTATIONS = YES;
				CLANG_WARN_DIRECT_OBJC_ISA_USAGE = YES_ERROR;
				CLANG_WARN_DOCUMENTATION_COMMENTS = YES;
				CLANG_WARN_EMPTY_BODY = YES;
				CLANG_WARN_ENUM_CONVERSION = YES;
				CLANG_WARN_INFINITE_RECURSION = YES;
				CLANG_WARN_INT_CONVERSION = YES;
				CLANG_WARN_NON_LITERAL_NULL_CONVERSION = YES;
				CLANG_WARN_OBJC_IMPLICIT_RETAIN_SELF = YES;
				CLANG_WARN_OBJC_LITERAL_CONVERSION = YES;
				CLANG_WARN_OBJC_ROOT_CLASS = YES_ERROR;
				CLANG_WARN_QUOTED_INCLUDE_IN_FRAMEWORK_HEADER = YES;
				CLANG_WARN_RANGE_LOOP_ANALYSIS = YES;
				CLANG_WARN_STRICT_PROTOTYPES = YES;
				CLANG_WARN_SUSPICIOUS_MOVE = YES;
				CLANG_WARN_UNGUARDED_AVAILABILITY = YES_AGGRESSIVE;
				CLANG_WARN_UNREACHABLE_CODE = YES;
				CLANG_WARN__DUPLICATE_METHOD_MATCH = YES;
				COPY_PHASE_STRIP = NO;
				DEBUG_INFORMATION_FORMAT = "dwarf-with-dsym";
				ENABLE_NS_ASSERTIONS = NO;
				ENABLE_STRICT_OBJC_MSGSEND = YES;
				ENABLE_USER_SCRIPT_SANDBOXING = YES;
				GCC_C_LANGUAGE_STANDARD = gnu17;
				GCC_NO_COMMON_BLOCKS = YES;
				GCC_WARN_64_TO_32_BIT_CONVERSION = YES;
				GCC_WARN_ABOUT_RETURN_TYPE = YES_ERROR;
				GCC_WARN_UNDECLARED_SELECTOR = YES;
				GCC_WARN_UNINITIALIZED_AUTOS = YES_AGGRESSIVE;
				GCC_WARN_UNUSED_FUNCTION = YES;
				GCC_WARN_UNUSED_VARIABLE = YES;
				IPHONEOS_DEPLOYMENT_TARGET = 17.4;
				LOCALIZATION_PREFERS_STRING_CATALOGS = YES;
				MTL_ENABLE_DEBUG_INFO = NO;
				MTL_FAST_MATH = YES;
				SDKROOT = iphoneos;
				SWIFT_COMPILATION_MODE = wholemodule;
				VALIDATE_PRODUCT = YES;
			};
			name = Release;
		};
		35EEBD7E2BD979B400537B18 /* Debug */ = {
			isa = XCBuildConfiguration;
			buildSettings = {
				ASSETCATALOG_COMPILER_APPICON_NAME = AppIcon;
				ASSETCATALOG_COMPILER_GLOBAL_ACCENT_COLOR_NAME = AccentColor;
				CODE_SIGN_STYLE = Automatic;
				CURRENT_PROJECT_VERSION = 1;
				DEVELOPMENT_TEAM = BUUZARM7U5;
				GENERATE_INFOPLIST_FILE = YES;
				INFOPLIST_FILE = ArtObjects/Info.plist;
				INFOPLIST_KEY_UIApplicationSupportsIndirectInputEvents = YES;
				INFOPLIST_KEY_UILaunchStoryboardName = LaunchScreen;
				INFOPLIST_KEY_UISupportedInterfaceOrientations_iPad = "UIInterfaceOrientationPortrait UIInterfaceOrientationPortraitUpsideDown UIInterfaceOrientationLandscapeLeft UIInterfaceOrientationLandscapeRight";
				INFOPLIST_KEY_UISupportedInterfaceOrientations_iPhone = "UIInterfaceOrientationPortrait UIInterfaceOrientationLandscapeLeft UIInterfaceOrientationLandscapeRight";
				LD_RUNPATH_SEARCH_PATHS = (
					"$(inherited)",
					"@executable_path/Frameworks",
				);
				MARKETING_VERSION = 1.0;
				PRODUCT_BUNDLE_IDENTIFIER = com.skostenko.ArtObjects;
				PRODUCT_NAME = "$(TARGET_NAME)";
				SWIFT_EMIT_LOC_STRINGS = YES;
				SWIFT_VERSION = 5.0;
				TARGETED_DEVICE_FAMILY = "1,2";
			};
			name = Debug;
		};
		35EEBD7F2BD979B400537B18 /* Release */ = {
			isa = XCBuildConfiguration;
			buildSettings = {
				ASSETCATALOG_COMPILER_APPICON_NAME = AppIcon;
				ASSETCATALOG_COMPILER_GLOBAL_ACCENT_COLOR_NAME = AccentColor;
				CODE_SIGN_STYLE = Automatic;
				CURRENT_PROJECT_VERSION = 1;
				DEVELOPMENT_TEAM = BUUZARM7U5;
				GENERATE_INFOPLIST_FILE = YES;
				INFOPLIST_FILE = ArtObjects/Info.plist;
				INFOPLIST_KEY_UIApplicationSupportsIndirectInputEvents = YES;
				INFOPLIST_KEY_UILaunchStoryboardName = LaunchScreen;
				INFOPLIST_KEY_UISupportedInterfaceOrientations_iPad = "UIInterfaceOrientationPortrait UIInterfaceOrientationPortraitUpsideDown UIInterfaceOrientationLandscapeLeft UIInterfaceOrientationLandscapeRight";
				INFOPLIST_KEY_UISupportedInterfaceOrientations_iPhone = "UIInterfaceOrientationPortrait UIInterfaceOrientationLandscapeLeft UIInterfaceOrientationLandscapeRight";
				LD_RUNPATH_SEARCH_PATHS = (
					"$(inherited)",
					"@executable_path/Frameworks",
				);
				MARKETING_VERSION = 1.0;
				PRODUCT_BUNDLE_IDENTIFIER = com.skostenko.ArtObjects;
				PRODUCT_NAME = "$(TARGET_NAME)";
				SWIFT_EMIT_LOC_STRINGS = YES;
				SWIFT_VERSION = 5.0;
				TARGETED_DEVICE_FAMILY = "1,2";
			};
			name = Release;
		};
		35EEBD812BD979B400537B18 /* Debug */ = {
			isa = XCBuildConfiguration;
			buildSettings = {
				ALWAYS_EMBED_SWIFT_STANDARD_LIBRARIES = YES;
				BUNDLE_LOADER = "$(TEST_HOST)";
				CODE_SIGN_STYLE = Automatic;
				CURRENT_PROJECT_VERSION = 1;
				DEVELOPMENT_TEAM = BUUZARM7U5;
				GENERATE_INFOPLIST_FILE = YES;
				IPHONEOS_DEPLOYMENT_TARGET = 17.4;
				MARKETING_VERSION = 1.0;
				PRODUCT_BUNDLE_IDENTIFIER = com.skostenko.ArtObjectsTests;
				PRODUCT_NAME = "$(TARGET_NAME)";
				SWIFT_EMIT_LOC_STRINGS = NO;
				SWIFT_VERSION = 5.0;
				TARGETED_DEVICE_FAMILY = "1,2";
				TEST_HOST = "$(BUILT_PRODUCTS_DIR)/ArtObjects.app/$(BUNDLE_EXECUTABLE_FOLDER_PATH)/ArtObjects";
			};
			name = Debug;
		};
		35EEBD822BD979B400537B18 /* Release */ = {
			isa = XCBuildConfiguration;
			buildSettings = {
				ALWAYS_EMBED_SWIFT_STANDARD_LIBRARIES = YES;
				BUNDLE_LOADER = "$(TEST_HOST)";
				CODE_SIGN_STYLE = Automatic;
				CURRENT_PROJECT_VERSION = 1;
				DEVELOPMENT_TEAM = BUUZARM7U5;
				GENERATE_INFOPLIST_FILE = YES;
				IPHONEOS_DEPLOYMENT_TARGET = 17.4;
				MARKETING_VERSION = 1.0;
				PRODUCT_BUNDLE_IDENTIFIER = com.skostenko.ArtObjectsTests;
				PRODUCT_NAME = "$(TARGET_NAME)";
				SWIFT_EMIT_LOC_STRINGS = NO;
				SWIFT_VERSION = 5.0;
				TARGETED_DEVICE_FAMILY = "1,2";
				TEST_HOST = "$(BUILT_PRODUCTS_DIR)/ArtObjects.app/$(BUNDLE_EXECUTABLE_FOLDER_PATH)/ArtObjects";
			};
			name = Release;
		};
		35EEBD842BD979B400537B18 /* Debug */ = {
			isa = XCBuildConfiguration;
			buildSettings = {
				ALWAYS_EMBED_SWIFT_STANDARD_LIBRARIES = YES;
				CODE_SIGN_STYLE = Automatic;
				CURRENT_PROJECT_VERSION = 1;
				DEVELOPMENT_TEAM = BUUZARM7U5;
				GENERATE_INFOPLIST_FILE = YES;
				MARKETING_VERSION = 1.0;
				PRODUCT_BUNDLE_IDENTIFIER = com.skostenko.ArtObjectsUITests;
				PRODUCT_NAME = "$(TARGET_NAME)";
				SWIFT_EMIT_LOC_STRINGS = NO;
				SWIFT_VERSION = 5.0;
				TARGETED_DEVICE_FAMILY = "1,2";
				TEST_TARGET_NAME = ArtObjects;
			};
			name = Debug;
		};
		35EEBD852BD979B400537B18 /* Release */ = {
			isa = XCBuildConfiguration;
			buildSettings = {
				ALWAYS_EMBED_SWIFT_STANDARD_LIBRARIES = YES;
				CODE_SIGN_STYLE = Automatic;
				CURRENT_PROJECT_VERSION = 1;
				DEVELOPMENT_TEAM = BUUZARM7U5;
				GENERATE_INFOPLIST_FILE = YES;
				MARKETING_VERSION = 1.0;
				PRODUCT_BUNDLE_IDENTIFIER = com.skostenko.ArtObjectsUITests;
				PRODUCT_NAME = "$(TARGET_NAME)";
				SWIFT_EMIT_LOC_STRINGS = NO;
				SWIFT_VERSION = 5.0;
				TARGETED_DEVICE_FAMILY = "1,2";
				TEST_TARGET_NAME = ArtObjects;
			};
			name = Release;
		};
/* End XCBuildConfiguration section */

/* Begin XCConfigurationList section */
		35EEBD4E2BD979B200537B18 /* Build configuration list for PBXProject "ArtObjects" */ = {
			isa = XCConfigurationList;
			buildConfigurations = (
				35EEBD7B2BD979B400537B18 /* Debug */,
				35EEBD7C2BD979B400537B18 /* Release */,
			);
			defaultConfigurationIsVisible = 0;
			defaultConfigurationName = Release;
		};
		35EEBD7D2BD979B400537B18 /* Build configuration list for PBXNativeTarget "ArtObjects" */ = {
			isa = XCConfigurationList;
			buildConfigurations = (
				35EEBD7E2BD979B400537B18 /* Debug */,
				35EEBD7F2BD979B400537B18 /* Release */,
			);
			defaultConfigurationIsVisible = 0;
			defaultConfigurationName = Release;
		};
		35EEBD802BD979B400537B18 /* Build configuration list for PBXNativeTarget "ArtObjectsTests" */ = {
			isa = XCConfigurationList;
			buildConfigurations = (
				35EEBD812BD979B400537B18 /* Debug */,
				35EEBD822BD979B400537B18 /* Release */,
			);
			defaultConfigurationIsVisible = 0;
			defaultConfigurationName = Release;
		};
		35EEBD832BD979B400537B18 /* Build configuration list for PBXNativeTarget "ArtObjectsUITests" */ = {
			isa = XCConfigurationList;
			buildConfigurations = (
				35EEBD842BD979B400537B18 /* Debug */,
				35EEBD852BD979B400537B18 /* Release */,
			);
			defaultConfigurationIsVisible = 0;
			defaultConfigurationName = Release;
		};
/* End XCConfigurationList section */

/* Begin XCRemoteSwiftPackageReference section */
		352902262BDBC8F9007A4088 /* XCRemoteSwiftPackageReference "Kingfisher" */ = {
			isa = XCRemoteSwiftPackageReference;
			repositoryURL = "https://github.com/onevcat/Kingfisher";
			requirement = {
				kind = upToNextMajorVersion;
				minimumVersion = 7.11.0;
			};
		};
/* End XCRemoteSwiftPackageReference section */

/* Begin XCSwiftPackageProductDependency section */
		352902272BDBC90C007A4088 /* Kingfisher */ = {
			isa = XCSwiftPackageProductDependency;
			package = 352902262BDBC8F9007A4088 /* XCRemoteSwiftPackageReference "Kingfisher" */;
			productName = Kingfisher;
		};
/* End XCSwiftPackageProductDependency section */
	};
	rootObject = 35EEBD4B2BD979B200537B18 /* Project object */;
}
